
Microsoft Visual Studio Solution File, Format Version 12.00
# Visual Studio 15
VisualStudioVersion = 15.0.28010.2016
MinimumVisualStudioVersion = 10.0.40219.1
Project("{8BC9CEB8-8B4A-11D0-8D11-00A0C91BC942}") = "FlyBeyondApp", "FlyBeyondApp\FlyBeyondApp.vcxproj", "{B430D82D-0286-4867-B9A3-CB00AFE7F403}"
EndProject
Global
	GlobalSection(SolutionConfigurationPlatforms) = preSolution
		Debug|x64 = Debug|x64
		Debug|x86 = Debug|x86
		Release|x64 = Release|x64
		Release|x86 = Release|x86
	EndGlobalSection
	GlobalSection(ProjectConfigurationPlatforms) = postSolution
		{B430D82D-0286-4867-B9A3-CB00AFE7F403}.Debug|x64.ActiveCfg = Debug|x64
		{B430D82D-0286-4867-B9A3-CB00AFE7F403}.Debug|x64.Build.0 = Debug|x64
		{B430D82D-0286-4867-B9A3-CB00AFE7F403}.Debug|x86.ActiveCfg = Debug|Win32
		{B430D82D-0286-4867-B9A3-CB00AFE7F403}.Debug|x86.Build.0 = Debug|Win32
		{B430D82D-0286-4867-B9A3-CB00AFE7F403}.Release|x64.ActiveCfg = Release|x64
		{B430D82D-0286-4867-B9A3-CB00AFE7F403}.Release|x64.Build.0 = Release|x64
		{B430D82D-0286-4867-B9A3-CB00AFE7F403}.Release|x86.ActiveCfg = Release|Win32
		{B430D82D-0286-4867-B9A3-CB00AFE7F403}.Release|x86.Build.0 = Release|Win32
	EndGlobalSection
	GlobalSection(SolutionProperties) = preSolution
		HideSolutionNode = FALSE
	EndGlobalSection
	GlobalSection(ExtensibilityGlobals) = postSolution
		SolutionGuid = {58BE00EB-1789-4A4C-B6E0-6A6AE6549AA6}
	EndGlobalSection
EndGlobal
